
Microsoft Visual Studio Solution File, Format Version 12.00
# Visual Studio 15
Project("{FAE04EC0-301F-11D3-BF4B-00C04F79EFBC}") = "Unity.Timeline", "Unity.Timeline.csproj", "{040B55C6-5F63-A1FD-BB66-F8CBB4A97509}"
EndProject
Project("{FAE04EC0-301F-11D3-BF4B-00C04F79EFBC}") = "Unity.InputSystem", "Unity.InputSystem.csproj", "{D09C4CC3-B4FE-5AAA-4329-2F800E14D478}"
EndProject
Project("{FAE04EC0-301F-11D3-BF4B-00C04F79EFBC}") = "Unity.ShaderGraph.Editor", "Unity.ShaderGraph.Editor.csproj", "{A8B8B50A-BC5E-B04E-D71F-A7F05753E9D3}"
EndProject
Project("{FAE04EC0-301F-11D3-BF4B-00C04F79EFBC}") = "UnityEngine.Advertisements.Editor", "UnityEngine.Advertisements.Editor.csproj", "{F2EF5FED-96ED-CBC0-39E7-F0BCDD9CECD8}"
EndProject
Project("{FAE04EC0-301F-11D3-BF4B-00C04F79EFBC}") = "Unity.Services.Core.Internal", "Unity.Services.Core.Internal.csproj", "{3FC1E30E-62C5-C2B6-5037-7A2A9D1738CD}"
EndProject
Project("{FAE04EC0-301F-11D3-BF4B-00C04F79EFBC}") = "Unity.VisualScripting.Flow", "Unity.VisualScripting.Flow.csproj", "{CBA0C813-96FD-F2F2-F1D5-78B889AE2E64}"
EndProject
Project("{FAE04EC0-301F-11D3-BF4B-00C04F79EFBC}") = "Unity.RenderPipelines.Universal.Runtime", "Unity.RenderPipelines.Universal.Runtime.csproj", "{F612BD42-B686-3670-3B29-DCA00061A591}"
EndProject
Project("{FAE04EC0-301F-11D3-BF4B-00C04F79EFBC}") = "UnityEditor.UI", "UnityEditor.UI.csproj", "{2A1A3CD6-E628-7989-1056-AA7A503827F4}"
EndProject
Project("{FAE04EC0-301F-11D3-BF4B-00C04F79EFBC}") = "Unity.Timeline.Editor", "Unity.Timeline.Editor.csproj", "{5780483A-F194-7D97-E124-E12658D1DB1E}"
EndProject
Project("{FAE04EC0-301F-11D3-BF4B-00C04F79EFBC}") = "Unity.PlasticSCM.Editor", "Unity.PlasticSCM.Editor.csproj", "{B12363BB-F2ED-C4D8-9207-C53AC239E813}"
EndProject
Project("{FAE04EC0-301F-11D3-BF4B-00C04F79EFBC}") = "Unity.RenderPipelines.Core.Runtime", "Unity.RenderPipelines.Core.Runtime.csproj", "{F80D866B-ED7D-3D53-E96D-25A87250189B}"
EndProject
Project("{FAE04EC0-301F-11D3-BF4B-00C04F79EFBC}") = "Unity.Mathematics", "Unity.Mathematics.csproj", "{E3AEED36-958E-1851-DAAC-5385F8E8C1E6}"
EndProject
Project("{FAE04EC0-301F-11D3-BF4B-00C04F79EFBC}") = "Unity.RenderPipelines.Core.Editor", "Unity.RenderPipelines.Core.Editor.csproj", "{E2E72598-6B0E-E864-26E1-E885EA2FF05C}"
EndProject
Project("{FAE04EC0-301F-11D3-BF4B-00C04F79EFBC}") = "UnityEditor.Purchasing", "UnityEditor.Purchasing.csproj", "{BD203A50-0FA5-E195-BFD4-36E864A0ABCA}"
EndProject
Project("{FAE04EC0-301F-11D3-BF4B-00C04F79EFBC}") = "Unity.VisualScripting.Core.Editor", "Unity.VisualScripting.Core.Editor.csproj", "{C7B847C9-F81C-F3C6-B071-1CCDE561731B}"
EndProject
Project("{FAE04EC0-301F-11D3-BF4B-00C04F79EFBC}") = "UnityEngine.Purchasing.Stores", "UnityEngine.Purchasing.Stores.csproj", "{FCC1B3F7-0071-116E-DED9-6B1B60E4B5B8}"
EndProject
Project("{FAE04EC0-301F-11D3-BF4B-00C04F79EFBC}") = "UnityEngine.Advertisements", "UnityEngine.Advertisements.csproj", "{0B88AAFA-F9DE-D322-3FB6-9092DC08ABB1}"
EndProject
Project("{FAE04EC0-301F-11D3-BF4B-00C04F79EFBC}") = "UnityEditor.TestRunner", "UnityEditor.TestRunner.csproj", "{387E5697-E4C5-906E-AC28-A267148EC42A}"
EndProject
Project("{FAE04EC0-301F-11D3-BF4B-00C04F79EFBC}") = "Unity.RenderPipelines.Universal.Editor", "Unity.RenderPipelines.Universal.Editor.csproj", "{65698FCE-C482-683E-A551-61D78B7FC0C4}"
EndProject
Project("{FAE04EC0-301F-11D3-BF4B-00C04F79EFBC}") = "Unity.TextMeshPro.Editor", "Unity.TextMeshPro.Editor.csproj", "{9CE4087F-2630-6091-10A1-E2DD86AC8A27}"
EndProject
Project("{FAE04EC0-301F-11D3-BF4B-00C04F79EFBC}") = "Unity.VisualScripting.Flow.Editor", "Unity.VisualScripting.Flow.Editor.csproj", "{4EAA0827-A126-8D4B-36DE-63D6C0566A44}"
EndProject
Project("{FAE04EC0-301F-11D3-BF4B-00C04F79EFBC}") = "UnityEngine.TestRunner", "UnityEngine.TestRunner.csproj", "{0871FFE0-7F40-B312-DD1E-5C8C4A6FA0AD}"
EndProject
Project("{FAE04EC0-301F-11D3-BF4B-00C04F79EFBC}") = "Unity.VisualScripting.Core", "Unity.VisualScripting.Core.csproj", "{6CF74507-B855-AC91-47A7-7D18D3FBE6AA}"
EndProject
Project("{FAE04EC0-301F-11D3-BF4B-00C04F79EFBC}") = "Unity.2D.Tilemap.Editor", "Unity.2D.Tilemap.Editor.csproj", "{91FB6FA4-15D7-25F9-7CF6-F1B43097E6E5}"
EndProject
Project("{FAE04EC0-301F-11D3-BF4B-00C04F79EFBC}") = "Unity.Searcher.Editor", "Unity.Searcher.Editor.csproj", "{68BAD7C6-28E2-DBA3-4AA1-28B172F84E84}"
EndProject
Project("{FAE04EC0-301F-11D3-BF4B-00C04F79EFBC}") = "Unity.Burst", "Unity.Burst.csproj", "{1D7DEAC2-90FB-DF13-2185-24B2363ED884}"
EndProject
Project("{FAE04EC0-301F-11D3-BF4B-00C04F79EFBC}") = "Unity.Services.Core.Environments.Editor", "Unity.Services.Core.Environments.Editor.csproj", "{64D53DA6-A705-C103-2367-FE2FB61D688F}"
EndProject
Project("{FAE04EC0-301F-11D3-BF4B-00C04F79EFBC}") = "UnityEngine.Purchasing", "UnityEngine.Purchasing.csproj", "{4ACF3B53-77DA-EA8E-0BF7-90523DA2DB55}"
EndProject
Project("{FAE04EC0-301F-11D3-BF4B-00C04F79EFBC}") = "Unity.AI.Navigation.Editor", "Unity.AI.Navigation.Editor.csproj", "{35A27AE9-1EBD-748A-DA13-E1B38AC2C3DA}"
EndProject
Project("{FAE04EC0-301F-11D3-BF4B-00C04F79EFBC}") = "Unity.VisualStudio.Editor", "Unity.VisualStudio.Editor.csproj", "{059E347B-9F75-FB25-5C7F-E36531A4CE70}"
EndProject
Project("{FAE04EC0-301F-11D3-BF4B-00C04F79EFBC}") = "PPv2URPConverters", "PPv2URPConverters.csproj", "{35FBB36B-87A3-D048-9710-783461A76472}"
EndProject
Project("{FAE04EC0-301F-11D3-BF4B-00C04F79EFBC}") = "Unity.Rider.Editor", "Unity.Rider.Editor.csproj", "{9F6F608F-84DE-A61A-CDA5-C3A12F881E63}"
EndProject
Project("{FAE04EC0-301F-11D3-BF4B-00C04F79EFBC}") = "Unity.Services.Core.Telemetry", "Unity.Services.Core.Telemetry.csproj", "{0ACEB727-2093-4793-FB8C-1B830CD1A92E}"
EndProject
Project("{FAE04EC0-301F-11D3-BF4B-00C04F79EFBC}") = "Unity.Services.Core.Configuration", "Unity.Services.Core.Configuration.csproj", "{31B3CB2F-09D7-CE13-0CAC-F5C9780EA3CC}"
EndProject
Project("{FAE04EC0-301F-11D3-BF4B-00C04F79EFBC}") = "Unity.AI.Navigation.Editor.ConversionSystem", "Unity.AI.Navigation.Editor.ConversionSystem.csproj", "{3EA80D1D-C046-A2E7-D6A9-6DD9FD96F513}"
EndProject
Project("{FAE04EC0-301F-11D3-BF4B-00C04F79EFBC}") = "Unity.VisualScripting.State.Editor", "Unity.VisualScripting.State.Editor.csproj", "{068F41C8-FAD3-3005-C684-E1E823D0243E}"
EndProject
Project("{FAE04EC0-301F-11D3-BF4B-00C04F79EFBC}") = "Elringus.SpriteGlow.Runtime", "Elringus.SpriteGlow.Runtime.csproj", "{F192B87B-9DAE-A198-E060-AA72C9E90C6D}"
EndProject
Project("{FAE04EC0-301F-11D3-BF4B-00C04F79EFBC}") = "UnityEngine.UI", "UnityEngine.UI.csproj", "{D75272DA-D392-609F-9C75-ABF8AED65A1F}"
EndProject
Project("{FAE04EC0-301F-11D3-BF4B-00C04F79EFBC}") = "Unity.Services.Core.Editor", "Unity.Services.Core.Editor.csproj", "{CC5A919A-1D93-C84D-F783-15D15C869E64}"
EndProject
Project("{FAE04EC0-301F-11D3-BF4B-00C04F79EFBC}") = "Unity.Burst.CodeGen", "Unity.Burst.CodeGen.csproj", "{38E3DF18-EC2B-56B2-55A1-69EE21C68274}"
EndProject
Project("{FAE04EC0-301F-11D3-BF4B-00C04F79EFBC}") = "Unity.Services.Core.Configuration.Editor", "Unity.Services.Core.Configuration.Editor.csproj", "{7D0990F5-BE83-F21D-3E76-8CF3E5D7B7B2}"
EndProject
Project("{FAE04EC0-301F-11D3-BF4B-00C04F79EFBC}") = "Unity.RenderPipeline.Universal.ShaderLibrary", "Unity.RenderPipeline.Universal.ShaderLibrary.csproj", "{08594EEC-5B73-2342-D4E8-E6D5877870AB}"
EndProject
Project("{FAE04EC0-301F-11D3-BF4B-00C04F79EFBC}") = "Unity.Services.Core", "Unity.Services.Core.csproj", "{FD33B1E9-B48E-3BA4-1584-4110C563FFE6}"
EndProject
Project("{FAE04EC0-301F-11D3-BF4B-00C04F79EFBC}") = "Unity.AI.Navigation", "Unity.AI.Navigation.csproj", "{425634D4-7100-963D-E378-6E8462CE3AC5}"
EndProject
Project("{FAE04EC0-301F-11D3-BF4B-00C04F79EFBC}") = "Unity.VisualScripting.State", "Unity.VisualScripting.State.csproj", "{017CFD27-A2AC-BF3C-F39F-9EFD6EC1D724}"
EndProject
Project("{FAE04EC0-301F-11D3-BF4B-00C04F79EFBC}") = "Unity.TextMeshPro", "Unity.TextMeshPro.csproj", "{2A739978-4524-281E-0858-14BFA37B6D11}"
EndProject
Project("{FAE04EC0-301F-11D3-BF4B-00C04F79EFBC}") = "Unity.VisualScripting.SettingsProvider.Editor", "Unity.VisualScripting.SettingsProvider.Editor.csproj", "{0056F63A-DC3A-E627-8735-488CC9AB0E02}"
EndProject
Project("{FAE04EC0-301F-11D3-BF4B-00C04F79EFBC}") = "Unity.Services.Analytics.Editor", "Unity.Services.Analytics.Editor.csproj", "{FA369DEB-1F64-7E10-D5F9-1C374EF10019}"
EndProject
Project("{FAE04EC0-301F-11D3-BF4B-00C04F79EFBC}") = "Unity.Burst.Editor", "Unity.Burst.Editor.csproj", "{3167E340-9BA2-5116-551A-961387DDF71A}"
EndProject
Project("{FAE04EC0-301F-11D3-BF4B-00C04F79EFBC}") = "Unity.Sysroot.Linux_x86_64", "Unity.Sysroot.Linux_x86_64.csproj", "{01355283-378D-DBA2-1C3C-DDF5BD3C98EB}"
EndProject
Project("{FAE04EC0-301F-11D3-BF4B-00C04F79EFBC}") = "UnityEngine.Purchasing.AppleMacosStub", "UnityEngine.Purchasing.AppleMacosStub.csproj", "{5275EE7B-0612-D059-9B46-2EE9BA3FB4F1}"
EndProject
Project("{FAE04EC0-301F-11D3-BF4B-00C04F79EFBC}") = "Unity.AI.Navigation.Updater", "Unity.AI.Navigation.Updater.csproj", "{F35B5F8F-6E1A-02F0-9F9A-F42988917217}"
EndProject
Project("{FAE04EC0-301F-11D3-BF4B-00C04F79EFBC}") = "Assembly-CSharp", "Assembly-CSharp.csproj", "{6375BACF-E77E-1F56-4E7B-19A7DFE8FA27}"
EndProject
Project("{FAE04EC0-301F-11D3-BF4B-00C04F79EFBC}") = "UnityEngine.Purchasing.Codeless", "UnityEngine.Purchasing.Codeless.csproj", "{D8413F18-33B0-3B77-9E8E-CFA931F47A08}"
EndProject
Project("{FAE04EC0-301F-11D3-BF4B-00C04F79EFBC}") = "Unity.Services.Analytics", "Unity.Services.Analytics.csproj", "{F126814A-A083-210D-3251-F1A92E87B0AA}"
EndProject
Project("{FAE04EC0-301F-11D3-BF4B-00C04F79EFBC}") = "Unity.Analytics.DataPrivacy", "Unity.Analytics.DataPrivacy.csproj", "{B86837EA-419F-0265-75C9-2C615D16546D}"
EndProject
Project("{FAE04EC0-301F-11D3-BF4B-00C04F79EFBC}") = "UnityEngine.Advertisements.DevX.Editor", "UnityEngine.Advertisements.DevX.Editor.csproj", "{9C7C6EC8-592F-E562-C54B-5EE9ACB6730D}"
EndProject
Project("{FAE04EC0-301F-11D3-BF4B-00C04F79EFBC}") = "Unity.2D.Sprite.Editor", "Unity.2D.Sprite.Editor.csproj", "{D98326FE-BBCD-163B-E585-220B37F01667}"
EndProject
Project("{FAE04EC0-301F-11D3-BF4B-00C04F79EFBC}") = "UnityEngine.Purchasing.WinRTStub", "UnityEngine.Purchasing.WinRTStub.csproj", "{58D74BFE-6E9B-F0F1-A471-1E53D5E49974}"
EndProject
Project("{FAE04EC0-301F-11D3-BF4B-00C04F79EFBC}") = "Unity.Services.Core.Analytics", "Unity.Services.Core.Analytics.csproj", "{522CDDF1-980F-4C2C-882B-C32DD6999C1D}"
EndProject
Project("{FAE04EC0-301F-11D3-BF4B-00C04F79EFBC}") = "UnityEngine.SpatialTracking", "UnityEngine.SpatialTracking.csproj", "{ADA09ABE-FEAB-E350-D2C7-595587BDF065}"
EndProject
Project("{FAE04EC0-301F-11D3-BF4B-00C04F79EFBC}") = "Unity.Services.Core.Environments.Internal", "Unity.Services.Core.Environments.Internal.csproj", "{5B3A7359-ABA2-D177-35B4-79D21BA5AF7E}"
EndProject
Project("{FAE04EC0-301F-11D3-BF4B-00C04F79EFBC}") = "Unity.InputSystem.ForUI", "Unity.InputSystem.ForUI.csproj", "{86ECF7D0-017D-B572-9257-4F36C19DA2AB}"
EndProject
Project("{FAE04EC0-301F-11D3-BF4B-00C04F79EFBC}") = "Unity.Services.Core.Networking", "Unity.Services.Core.Networking.csproj", "{7448F32B-E325-9D37-F261-C65E5E45AFE9}"
EndProject
Project("{FAE04EC0-301F-11D3-BF4B-00C04F79EFBC}") = "Unity.Services.Core.Scheduler", "Unity.Services.Core.Scheduler.csproj", "{B2D6DD03-A8E6-F84A-71D9-3F9CEBB8732F}"
EndProject
Project("{FAE04EC0-301F-11D3-BF4B-00C04F79EFBC}") = "UnityEngine.Purchasing.SecurityCore", "UnityEngine.Purchasing.SecurityCore.csproj", "{D241BF34-F874-830F-55F3-501C0F320FB4}"
EndProject
Project("{FAE04EC0-301F-11D3-BF4B-00C04F79EFBC}") = "Unity.Mathematics.Editor", "Unity.Mathematics.Editor.csproj", "{A67E7FAA-533F-6099-00A7-9E28D1C16130}"
EndProject
Project("{FAE04EC0-301F-11D3-BF4B-00C04F79EFBC}") = "UnityEngine.Purchasing.WinRTCore", "UnityEngine.Purchasing.WinRTCore.csproj", "{2A72DBB4-D812-6EF0-F552-1ABC677AB438}"
EndProject
Project("{FAE04EC0-301F-11D3-BF4B-00C04F79EFBC}") = "UnityEditor.SpatialTracking", "UnityEditor.SpatialTracking.csproj", "{FA3C1C2F-BE5A-6810-BA43-9CB13EFC0009}"
EndProject
Project("{FAE04EC0-301F-11D3-BF4B-00C04F79EFBC}") = "Purchasing.Common", "Purchasing.Common.csproj", "{1E476239-B836-8302-65F6-5A2168EC563B}"
EndProject
Project("{FAE04EC0-301F-11D3-BF4B-00C04F79EFBC}") = "Unity.Services.Core.Threading", "Unity.Services.Core.Threading.csproj", "{9FF02451-D3AA-D816-D58C-2BA5FB2A677F}"
EndProject
Project("{FAE04EC0-301F-11D3-BF4B-00C04F79EFBC}") = "Unity.InputSystem.TestFramework", "Unity.InputSystem.TestFramework.csproj", "{9BFA699F-8A9C-2C06-61DD-40361B043591}"
EndProject
Project("{FAE04EC0-301F-11D3-BF4B-00C04F79EFBC}") = "Unity.Services.Core.Device", "Unity.Services.Core.Device.csproj", "{C2EFC361-B788-F917-6170-38320D019E65}"
EndProject
Project("{FAE04EC0-301F-11D3-BF4B-00C04F79EFBC}") = "UnityEditor.XR.LegacyInputHelpers", "UnityEditor.XR.LegacyInputHelpers.csproj", "{B5535C42-2334-DD50-1A46-945ECE9B62FE}"
EndProject
Project("{FAE04EC0-301F-11D3-BF4B-00C04F79EFBC}") = "Unity.SysrootPackage.Editor", "Unity.SysrootPackage.Editor.csproj", "{F168F858-6432-969E-74B7-D1C931BC884A}"
EndProject
Project("{FAE04EC0-301F-11D3-BF4B-00C04F79EFBC}") = "Unity.ShaderGraph.Utilities", "Unity.ShaderGraph.Utilities.csproj", "{977C9192-95D0-3CCA-E5ED-690740E1940E}"
EndProject
Project("{FAE04EC0-301F-11D3-BF4B-00C04F79EFBC}") = "UnityEngine.Purchasing.AppleCore", "UnityEngine.Purchasing.AppleCore.csproj", "{B2380A8A-6C2B-EFEB-60B6-A14D502B7740}"
EndProject
Project("{FAE04EC0-301F-11D3-BF4B-00C04F79EFBC}") = "Unity.VisualScripting.Shared.Editor", "Unity.VisualScripting.Shared.Editor.csproj", "{9423F76D-31C1-9E75-41DE-329C5C30A35F}"
EndProject
Project("{FAE04EC0-301F-11D3-BF4B-00C04F79EFBC}") = "Unity.Toolchain.Win-x86_64-Linux-x86_64", "Unity.Toolchain.Win-x86_64-Linux-x86_64.csproj", "{8B4CB398-DE22-C73E-A8F8-7F0DF0C706DF}"
EndProject
Project("{FAE04EC0-301F-11D3-BF4B-00C04F79EFBC}") = "UnityEngine.XR.LegacyInputHelpers", "UnityEngine.XR.LegacyInputHelpers.csproj", "{5703C86D-FA55-3EC0-E897-D8744AC19AE6}"
EndProject
Project("{FAE04EC0-301F-11D3-BF4B-00C04F79EFBC}") = "UnityEngine.Purchasing.AppleStub", "UnityEngine.Purchasing.AppleStub.csproj", "{9348FF16-D849-BE08-9824-5BED2B34CE0C}"
EndProject
Project("{FAE04EC0-301F-11D3-BF4B-00C04F79EFBC}") = "UnityEngine.Purchasing.SecurityStub", "UnityEngine.Purchasing.SecurityStub.csproj", "{CA626347-A6F9-C742-CD9D-D4088D6E85A3}"
EndProject
Project("{FAE04EC0-301F-11D3-BF4B-00C04F79EFBC}") = "Analytics", "Analytics.csproj", "{1AE711EB-A34C-7B8B-C0DC-6035B6F24AAA}"
EndProject
Project("{FAE04EC0-301F-11D3-BF4B-00C04F79EFBC}") = "Unity.Services.Core.Registration", "Unity.Services.Core.Registration.csproj", "{D31C1DCE-6B13-3768-D806-BA75B8E79D61}"
EndProject
Project("{FAE04EC0-301F-11D3-BF4B-00C04F79EFBC}") = "Unity.Services.Core.Environments", "Unity.Services.Core.Environments.csproj", "{A1C66C09-CC11-CDC2-3420-B7B0B19C3822}"
EndProject
Project("{FAE04EC0-301F-11D3-BF4B-00C04F79EFBC}") = "Unity.RenderPipelines.Universal.Config.Runtime", "Unity.RenderPipelines.Universal.Config.Runtime.csproj", "{37094929-3064-007C-A32F-610BEB248C32}"
EndProject
Project("{FAE04EC0-301F-11D3-BF4B-00C04F79EFBC}") = "Unity.CollabProxy.Editor", "Unity.CollabProxy.Editor.csproj", "{9B9CF2DA-8649-9378-F328-362F6223E1A9}"
EndProject
Project("{FAE04EC0-301F-11D3-BF4B-00C04F79EFBC}") = "Unity.RenderPipelines.ShaderGraph.ShaderGraphLibrary", "Unity.RenderPipelines.ShaderGraph.ShaderGraphLibrary.csproj", "{BE8084CA-0769-BD4D-1767-D863BA4AA2CE}"
EndProject
Project("{FAE04EC0-301F-11D3-BF4B-00C04F79EFBC}") = "Unity.RenderPipelines.Core.ShaderLibrary", "Unity.RenderPipelines.Core.ShaderLibrary.csproj", "{FD933B2F-3F3D-8601-6F09-8DBFB1AD7C7C}"
EndProject
Project("{FAE04EC0-301F-11D3-BF4B-00C04F79EFBC}") = "Unity.RenderPipelines.Universal.Shaders", "Unity.RenderPipelines.Universal.Shaders.csproj", "{ADEDF9E7-6C9D-A037-E48F-2A89B22BD769}"
EndProject
Global
	GlobalSection(SolutionConfigurationPlatforms) = preSolution
		Debug|Any CPU = Debug|Any CPU
		Release|Any CPU = Release|Any CPU
	EndGlobalSection
	GlobalSection(ProjectConfigurationPlatforms) = postSolution
		{040B55C6-5F63-A1FD-BB66-F8CBB4A97509}.Debug|Any CPU.ActiveCfg = Debug|Any CPU
		{040B55C6-5F63-A1FD-BB66-F8CBB4A97509}.Debug|Any CPU.Build.0 = Debug|Any CPU
		{040B55C6-5F63-A1FD-BB66-F8CBB4A97509}.Release|Any CPU.ActiveCfg = Release|Any CPU
		{040B55C6-5F63-A1FD-BB66-F8CBB4A97509}.Release|Any CPU.Build.0 = Release|Any CPU
		{D09C4CC3-B4FE-5AAA-4329-2F800E14D478}.Debug|Any CPU.ActiveCfg = Debug|Any CPU
		{D09C4CC3-B4FE-5AAA-4329-2F800E14D478}.Debug|Any CPU.Build.0 = Debug|Any CPU
		{D09C4CC3-B4FE-5AAA-4329-2F800E14D478}.Release|Any CPU.ActiveCfg = Release|Any CPU
		{D09C4CC3-B4FE-5AAA-4329-2F800E14D478}.Release|Any CPU.Build.0 = Release|Any CPU
		{A8B8B50A-BC5E-B04E-D71F-A7F05753E9D3}.Debug|Any CPU.ActiveCfg = Debug|Any CPU
		{A8B8B50A-BC5E-B04E-D71F-A7F05753E9D3}.Debug|Any CPU.Build.0 = Debug|Any CPU
		{A8B8B50A-BC5E-B04E-D71F-A7F05753E9D3}.Release|Any CPU.ActiveCfg = Release|Any CPU
		{A8B8B50A-BC5E-B04E-D71F-A7F05753E9D3}.Release|Any CPU.Build.0 = Release|Any CPU
		{F2EF5FED-96ED-CBC0-39E7-F0BCDD9CECD8}.Debug|Any CPU.ActiveCfg = Debug|Any CPU
		{F2EF5FED-96ED-CBC0-39E7-F0BCDD9CECD8}.Debug|Any CPU.Build.0 = Debug|Any CPU
		{F2EF5FED-96ED-CBC0-39E7-F0BCDD9CECD8}.Release|Any CPU.ActiveCfg = Release|Any CPU
		{F2EF5FED-96ED-CBC0-39E7-F0BCDD9CECD8}.Release|Any CPU.Build.0 = Release|Any CPU
		{3FC1E30E-62C5-C2B6-5037-7A2A9D1738CD}.Debug|Any CPU.ActiveCfg = Debug|Any CPU
		{3FC1E30E-62C5-C2B6-5037-7A2A9D1738CD}.Debug|Any CPU.Build.0 = Debug|Any CPU
		{3FC1E30E-62C5-C2B6-5037-7A2A9D1738CD}.Release|Any CPU.ActiveCfg = Release|Any CPU
		{3FC1E30E-62C5-C2B6-5037-7A2A9D1738CD}.Release|Any CPU.Build.0 = Release|Any CPU
		{CBA0C813-96FD-F2F2-F1D5-78B889AE2E64}.Debug|Any CPU.ActiveCfg = Debug|Any CPU
		{CBA0C813-96FD-F2F2-F1D5-78B889AE2E64}.Debug|Any CPU.Build.0 = Debug|Any CPU
		{CBA0C813-96FD-F2F2-F1D5-78B889AE2E64}.Release|Any CPU.ActiveCfg = Release|Any CPU
		{CBA0C813-96FD-F2F2-F1D5-78B889AE2E64}.Release|Any CPU.Build.0 = Release|Any CPU
		{F612BD42-B686-3670-3B29-DCA00061A591}.Debug|Any CPU.ActiveCfg = Debug|Any CPU
		{F612BD42-B686-3670-3B29-DCA00061A591}.Debug|Any CPU.Build.0 = Debug|Any CPU
		{F612BD42-B686-3670-3B29-DCA00061A591}.Release|Any CPU.ActiveCfg = Release|Any CPU
		{F612BD42-B686-3670-3B29-DCA00061A591}.Release|Any CPU.Build.0 = Release|Any CPU
		{2A1A3CD6-E628-7989-1056-AA7A503827F4}.Debug|Any CPU.ActiveCfg = Debug|Any CPU
		{2A1A3CD6-E628-7989-1056-AA7A503827F4}.Debug|Any CPU.Build.0 = Debug|Any CPU
		{2A1A3CD6-E628-7989-1056-AA7A503827F4}.Release|Any CPU.ActiveCfg = Release|Any CPU
		{2A1A3CD6-E628-7989-1056-AA7A503827F4}.Release|Any CPU.Build.0 = Release|Any CPU
		{5780483A-F194-7D97-E124-E12658D1DB1E}.Debug|Any CPU.ActiveCfg = Debug|Any CPU
		{5780483A-F194-7D97-E124-E12658D1DB1E}.Debug|Any CPU.Build.0 = Debug|Any CPU
		{5780483A-F194-7D97-E124-E12658D1DB1E}.Release|Any CPU.ActiveCfg = Release|Any CPU
		{5780483A-F194-7D97-E124-E12658D1DB1E}.Release|Any CPU.Build.0 = Release|Any CPU
		{B12363BB-F2ED-C4D8-9207-C53AC239E813}.Debug|Any CPU.ActiveCfg = Debug|Any CPU
		{B12363BB-F2ED-C4D8-9207-C53AC239E813}.Debug|Any CPU.Build.0 = Debug|Any CPU
		{B12363BB-F2ED-C4D8-9207-C53AC239E813}.Release|Any CPU.ActiveCfg = Release|Any CPU
		{B12363BB-F2ED-C4D8-9207-C53AC239E813}.Release|Any CPU.Build.0 = Release|Any CPU
		{F80D866B-ED7D-3D53-E96D-25A87250189B}.Debug|Any CPU.ActiveCfg = Debug|Any CPU
		{F80D866B-ED7D-3D53-E96D-25A87250189B}.Debug|Any CPU.Build.0 = Debug|Any CPU
		{F80D866B-ED7D-3D53-E96D-25A87250189B}.Release|Any CPU.ActiveCfg = Release|Any CPU
		{F80D866B-ED7D-3D53-E96D-25A87250189B}.Release|Any CPU.Build.0 = Release|Any CPU
		{E3AEED36-958E-1851-DAAC-5385F8E8C1E6}.Debug|Any CPU.ActiveCfg = Debug|Any CPU
		{E3AEED36-958E-1851-DAAC-5385F8E8C1E6}.Debug|Any CPU.Build.0 = Debug|Any CPU
		{E3AEED36-958E-1851-DAAC-5385F8E8C1E6}.Release|Any CPU.ActiveCfg = Release|Any CPU
		{E3AEED36-958E-1851-DAAC-5385F8E8C1E6}.Release|Any CPU.Build.0 = Release|Any CPU
		{E2E72598-6B0E-E864-26E1-E885EA2FF05C}.Debug|Any CPU.ActiveCfg = Debug|Any CPU
		{E2E72598-6B0E-E864-26E1-E885EA2FF05C}.Debug|Any CPU.Build.0 = Debug|Any CPU
		{E2E72598-6B0E-E864-26E1-E885EA2FF05C}.Release|Any CPU.ActiveCfg = Release|Any CPU
		{E2E72598-6B0E-E864-26E1-E885EA2FF05C}.Release|Any CPU.Build.0 = Release|Any CPU
		{BD203A50-0FA5-E195-BFD4-36E864A0ABCA}.Debug|Any CPU.ActiveCfg = Debug|Any CPU
		{BD203A50-0FA5-E195-BFD4-36E864A0ABCA}.Debug|Any CPU.Build.0 = Debug|Any CPU
		{BD203A50-0FA5-E195-BFD4-36E864A0ABCA}.Release|Any CPU.ActiveCfg = Release|Any CPU
		{BD203A50-0FA5-E195-BFD4-36E864A0ABCA}.Release|Any CPU.Build.0 = Release|Any CPU
		{C7B847C9-F81C-F3C6-B071-1CCDE561731B}.Debug|Any CPU.ActiveCfg = Debug|Any CPU
		{C7B847C9-F81C-F3C6-B071-1CCDE561731B}.Debug|Any CPU.Build.0 = Debug|Any CPU
		{C7B847C9-F81C-F3C6-B071-1CCDE561731B}.Release|Any CPU.ActiveCfg = Release|Any CPU
		{C7B847C9-F81C-F3C6-B071-1CCDE561731B}.Release|Any CPU.Build.0 = Release|Any CPU
		{FCC1B3F7-0071-116E-DED9-6B1B60E4B5B8}.Debug|Any CPU.ActiveCfg = Debug|Any CPU
		{FCC1B3F7-0071-116E-DED9-6B1B60E4B5B8}.Debug|Any CPU.Build.0 = Debug|Any CPU
		{FCC1B3F7-0071-116E-DED9-6B1B60E4B5B8}.Release|Any CPU.ActiveCfg = Release|Any CPU
		{FCC1B3F7-0071-116E-DED9-6B1B60E4B5B8}.Release|Any CPU.Build.0 = Release|Any CPU
		{0B88AAFA-F9DE-D322-3FB6-9092DC08ABB1}.Debug|Any CPU.ActiveCfg = Debug|Any CPU
		{0B88AAFA-F9DE-D322-3FB6-9092DC08ABB1}.Debug|Any CPU.Build.0 = Debug|Any CPU
		{0B88AAFA-F9DE-D322-3FB6-9092DC08ABB1}.Release|Any CPU.ActiveCfg = Release|Any CPU
		{0B88AAFA-F9DE-D322-3FB6-9092DC08ABB1}.Release|Any CPU.Build.0 = Release|Any CPU
		{387E5697-E4C5-906E-AC28-A267148EC42A}.Debug|Any CPU.ActiveCfg = Debug|Any CPU
		{387E5697-E4C5-906E-AC28-A267148EC42A}.Debug|Any CPU.Build.0 = Debug|Any CPU
		{387E5697-E4C5-906E-AC28-A267148EC42A}.Release|Any CPU.ActiveCfg = Release|Any CPU
		{387E5697-E4C5-906E-AC28-A267148EC42A}.Release|Any CPU.Build.0 = Release|Any CPU
		{65698FCE-C482-683E-A551-61D78B7FC0C4}.Debug|Any CPU.ActiveCfg = Debug|Any CPU
		{65698FCE-C482-683E-A551-61D78B7FC0C4}.Debug|Any CPU.Build.0 = Debug|Any CPU
		{65698FCE-C482-683E-A551-61D78B7FC0C4}.Release|Any CPU.ActiveCfg = Release|Any CPU
		{65698FCE-C482-683E-A551-61D78B7FC0C4}.Release|Any CPU.Build.0 = Release|Any CPU
		{9CE4087F-2630-6091-10A1-E2DD86AC8A27}.Debug|Any CPU.ActiveCfg = Debug|Any CPU
		{9CE4087F-2630-6091-10A1-E2DD86AC8A27}.Debug|Any CPU.Build.0 = Debug|Any CPU
		{9CE4087F-2630-6091-10A1-E2DD86AC8A27}.Release|Any CPU.ActiveCfg = Release|Any CPU
		{9CE4087F-2630-6091-10A1-E2DD86AC8A27}.Release|Any CPU.Build.0 = Release|Any CPU
		{4EAA0827-A126-8D4B-36DE-63D6C0566A44}.Debug|Any CPU.ActiveCfg = Debug|Any CPU
		{4EAA0827-A126-8D4B-36DE-63D6C0566A44}.Debug|Any CPU.Build.0 = Debug|Any CPU
		{4EAA0827-A126-8D4B-36DE-63D6C0566A44}.Release|Any CPU.ActiveCfg = Release|Any CPU
		{4EAA0827-A126-8D4B-36DE-63D6C0566A44}.Release|Any CPU.Build.0 = Release|Any CPU
		{0871FFE0-7F40-B312-DD1E-5C8C4A6FA0AD}.Debug|Any CPU.ActiveCfg = Debug|Any CPU
		{0871FFE0-7F40-B312-DD1E-5C8C4A6FA0AD}.Debug|Any CPU.Build.0 = Debug|Any CPU
		{0871FFE0-7F40-B312-DD1E-5C8C4A6FA0AD}.Release|Any CPU.ActiveCfg = Release|Any CPU
		{0871FFE0-7F40-B312-DD1E-5C8C4A6FA0AD}.Release|Any CPU.Build.0 = Release|Any CPU
		{6CF74507-B855-AC91-47A7-7D18D3FBE6AA}.Debug|Any CPU.ActiveCfg = Debug|Any CPU
		{6CF74507-B855-AC91-47A7-7D18D3FBE6AA}.Debug|Any CPU.Build.0 = Debug|Any CPU
		{6CF74507-B855-AC91-47A7-7D18D3FBE6AA}.Release|Any CPU.ActiveCfg = Release|Any CPU
		{6CF74507-B855-AC91-47A7-7D18D3FBE6AA}.Release|Any CPU.Build.0 = Release|Any CPU
		{91FB6FA4-15D7-25F9-7CF6-F1B43097E6E5}.Debug|Any CPU.ActiveCfg = Debug|Any CPU
		{91FB6FA4-15D7-25F9-7CF6-F1B43097E6E5}.Debug|Any CPU.Build.0 = Debug|Any CPU
		{91FB6FA4-15D7-25F9-7CF6-F1B43097E6E5}.Release|Any CPU.ActiveCfg = Release|Any CPU
		{91FB6FA4-15D7-25F9-7CF6-F1B43097E6E5}.Release|Any CPU.Build.0 = Release|Any CPU
		{68BAD7C6-28E2-DBA3-4AA1-28B172F84E84}.Debug|Any CPU.ActiveCfg = Debug|Any CPU
		{68BAD7C6-28E2-DBA3-4AA1-28B172F84E84}.Debug|Any CPU.Build.0 = Debug|Any CPU
		{68BAD7C6-28E2-DBA3-4AA1-28B172F84E84}.Release|Any CPU.ActiveCfg = Release|Any CPU
		{68BAD7C6-28E2-DBA3-4AA1-28B172F84E84}.Release|Any CPU.Build.0 = Release|Any CPU
		{1D7DEAC2-90FB-DF13-2185-24B2363ED884}.Debug|Any CPU.ActiveCfg = Debug|Any CPU
		{1D7DEAC2-90FB-DF13-2185-24B2363ED884}.Debug|Any CPU.Build.0 = Debug|Any CPU
		{1D7DEAC2-90FB-DF13-2185-24B2363ED884}.Release|Any CPU.ActiveCfg = Release|Any CPU
		{1D7DEAC2-90FB-DF13-2185-24B2363ED884}.Release|Any CPU.Build.0 = Release|Any CPU
		{64D53DA6-A705-C103-2367-FE2FB61D688F}.Debug|Any CPU.ActiveCfg = Debug|Any CPU
		{64D53DA6-A705-C103-2367-FE2FB61D688F}.Debug|Any CPU.Build.0 = Debug|Any CPU
		{64D53DA6-A705-C103-2367-FE2FB61D688F}.Release|Any CPU.ActiveCfg = Release|Any CPU
		{64D53DA6-A705-C103-2367-FE2FB61D688F}.Release|Any CPU.Build.0 = Release|Any CPU
		{4ACF3B53-77DA-EA8E-0BF7-90523DA2DB55}.Debug|Any CPU.ActiveCfg = Debug|Any CPU
		{4ACF3B53-77DA-EA8E-0BF7-90523DA2DB55}.Debug|Any CPU.Build.0 = Debug|Any CPU
		{4ACF3B53-77DA-EA8E-0BF7-90523DA2DB55}.Release|Any CPU.ActiveCfg = Release|Any CPU
		{4ACF3B53-77DA-EA8E-0BF7-90523DA2DB55}.Release|Any CPU.Build.0 = Release|Any CPU
		{35A27AE9-1EBD-748A-DA13-E1B38AC2C3DA}.Debug|Any CPU.ActiveCfg = Debug|Any CPU
		{35A27AE9-1EBD-748A-DA13-E1B38AC2C3DA}.Debug|Any CPU.Build.0 = Debug|Any CPU
		{35A27AE9-1EBD-748A-DA13-E1B38AC2C3DA}.Release|Any CPU.ActiveCfg = Release|Any CPU
		{35A27AE9-1EBD-748A-DA13-E1B38AC2C3DA}.Release|Any CPU.Build.0 = Release|Any CPU
		{059E347B-9F75-FB25-5C7F-E36531A4CE70}.Debug|Any CPU.ActiveCfg = Debug|Any CPU
		{059E347B-9F75-FB25-5C7F-E36531A4CE70}.Debug|Any CPU.Build.0 = Debug|Any CPU
		{059E347B-9F75-FB25-5C7F-E36531A4CE70}.Release|Any CPU.ActiveCfg = Release|Any CPU
		{059E347B-9F75-FB25-5C7F-E36531A4CE70}.Release|Any CPU.Build.0 = Release|Any CPU
		{35FBB36B-87A3-D048-9710-783461A76472}.Debug|Any CPU.ActiveCfg = Debug|Any CPU
		{35FBB36B-87A3-D048-9710-783461A76472}.Debug|Any CPU.Build.0 = Debug|Any CPU
		{35FBB36B-87A3-D048-9710-783461A76472}.Release|Any CPU.ActiveCfg = Release|Any CPU
		{35FBB36B-87A3-D048-9710-783461A76472}.Release|Any CPU.Build.0 = Release|Any CPU
		{9F6F608F-84DE-A61A-CDA5-C3A12F881E63}.Debug|Any CPU.ActiveCfg = Debug|Any CPU
		{9F6F608F-84DE-A61A-CDA5-C3A12F881E63}.Debug|Any CPU.Build.0 = Debug|Any CPU
		{9F6F608F-84DE-A61A-CDA5-C3A12F881E63}.Release|Any CPU.ActiveCfg = Release|Any CPU
		{9F6F608F-84DE-A61A-CDA5-C3A12F881E63}.Release|Any CPU.Build.0 = Release|Any CPU
		{0ACEB727-2093-4793-FB8C-1B830CD1A92E}.Debug|Any CPU.ActiveCfg = Debug|Any CPU
		{0ACEB727-2093-4793-FB8C-1B830CD1A92E}.Debug|Any CPU.Build.0 = Debug|Any CPU
		{0ACEB727-2093-4793-FB8C-1B830CD1A92E}.Release|Any CPU.ActiveCfg = Release|Any CPU
		{0ACEB727-2093-4793-FB8C-1B830CD1A92E}.Release|Any CPU.Build.0 = Release|Any CPU
		{31B3CB2F-09D7-CE13-0CAC-F5C9780EA3CC}.Debug|Any CPU.ActiveCfg = Debug|Any CPU
		{31B3CB2F-09D7-CE13-0CAC-F5C9780EA3CC}.Debug|Any CPU.Build.0 = Debug|Any CPU
		{31B3CB2F-09D7-CE13-0CAC-F5C9780EA3CC}.Release|Any CPU.ActiveCfg = Release|Any CPU
		{31B3CB2F-09D7-CE13-0CAC-F5C9780EA3CC}.Release|Any CPU.Build.0 = Release|Any CPU
		{3EA80D1D-C046-A2E7-D6A9-6DD9FD96F513}.Debug|Any CPU.ActiveCfg = Debug|Any CPU
		{3EA80D1D-C046-A2E7-D6A9-6DD9FD96F513}.Debug|Any CPU.Build.0 = Debug|Any CPU
		{3EA80D1D-C046-A2E7-D6A9-6DD9FD96F513}.Release|Any CPU.ActiveCfg = Release|Any CPU
		{3EA80D1D-C046-A2E7-D6A9-6DD9FD96F513}.Release|Any CPU.Build.0 = Release|Any CPU
		{068F41C8-FAD3-3005-C684-E1E823D0243E}.Debug|Any CPU.ActiveCfg = Debug|Any CPU
		{068F41C8-FAD3-3005-C684-E1E823D0243E}.Debug|Any CPU.Build.0 = Debug|Any CPU
		{068F41C8-FAD3-3005-C684-E1E823D0243E}.Release|Any CPU.ActiveCfg = Release|Any CPU
		{068F41C8-FAD3-3005-C684-E1E823D0243E}.Release|Any CPU.Build.0 = Release|Any CPU
		{F192B87B-9DAE-A198-E060-AA72C9E90C6D}.Debug|Any CPU.ActiveCfg = Debug|Any CPU
		{F192B87B-9DAE-A198-E060-AA72C9E90C6D}.Debug|Any CPU.Build.0 = Debug|Any CPU
		{F192B87B-9DAE-A198-E060-AA72C9E90C6D}.Release|Any CPU.ActiveCfg = Release|Any CPU
		{F192B87B-9DAE-A198-E060-AA72C9E90C6D}.Release|Any CPU.Build.0 = Release|Any CPU
		{D75272DA-D392-609F-9C75-ABF8AED65A1F}.Debug|Any CPU.ActiveCfg = Debug|Any CPU
		{D75272DA-D392-609F-9C75-ABF8AED65A1F}.Debug|Any CPU.Build.0 = Debug|Any CPU
		{D75272DA-D392-609F-9C75-ABF8AED65A1F}.Release|Any CPU.ActiveCfg = Release|Any CPU
		{D75272DA-D392-609F-9C75-ABF8AED65A1F}.Release|Any CPU.Build.0 = Release|Any CPU
		{CC5A919A-1D93-C84D-F783-15D15C869E64}.Debug|Any CPU.ActiveCfg = Debug|Any CPU
		{CC5A919A-1D93-C84D-F783-15D15C869E64}.Debug|Any CPU.Build.0 = Debug|Any CPU
		{CC5A919A-1D93-C84D-F783-15D15C869E64}.Release|Any CPU.ActiveCfg = Release|Any CPU
		{CC5A919A-1D93-C84D-F783-15D15C869E64}.Release|Any CPU.Build.0 = Release|Any CPU
		{38E3DF18-EC2B-56B2-55A1-69EE21C68274}.Debug|Any CPU.ActiveCfg = Debug|Any CPU
		{38E3DF18-EC2B-56B2-55A1-69EE21C68274}.Debug|Any CPU.Build.0 = Debug|Any CPU
		{38E3DF18-EC2B-56B2-55A1-69EE21C68274}.Release|Any CPU.ActiveCfg = Release|Any CPU
		{38E3DF18-EC2B-56B2-55A1-69EE21C68274}.Release|Any CPU.Build.0 = Release|Any CPU
		{7D0990F5-BE83-F21D-3E76-8CF3E5D7B7B2}.Debug|Any CPU.ActiveCfg = Debug|Any CPU
		{7D0990F5-BE83-F21D-3E76-8CF3E5D7B7B2}.Debug|Any CPU.Build.0 = Debug|Any CPU
		{7D0990F5-BE83-F21D-3E76-8CF3E5D7B7B2}.Release|Any CPU.ActiveCfg = Release|Any CPU
		{7D0990F5-BE83-F21D-3E76-8CF3E5D7B7B2}.Release|Any CPU.Build.0 = Release|Any CPU
		{08594EEC-5B73-2342-D4E8-E6D5877870AB}.Debug|Any CPU.ActiveCfg = Debug|Any CPU
		{08594EEC-5B73-2342-D4E8-E6D5877870AB}.Debug|Any CPU.Build.0 = Debug|Any CPU
		{08594EEC-5B73-2342-D4E8-E6D5877870AB}.Release|Any CPU.ActiveCfg = Release|Any CPU
		{08594EEC-5B73-2342-D4E8-E6D5877870AB}.Release|Any CPU.Build.0 = Release|Any CPU
		{FD33B1E9-B48E-3BA4-1584-4110C563FFE6}.Debug|Any CPU.ActiveCfg = Debug|Any CPU
		{FD33B1E9-B48E-3BA4-1584-4110C563FFE6}.Debug|Any CPU.Build.0 = Debug|Any CPU
		{FD33B1E9-B48E-3BA4-1584-4110C563FFE6}.Release|Any CPU.ActiveCfg = Release|Any CPU
		{FD33B1E9-B48E-3BA4-1584-4110C563FFE6}.Release|Any CPU.Build.0 = Release|Any CPU
		{425634D4-7100-963D-E378-6E8462CE3AC5}.Debug|Any CPU.ActiveCfg = Debug|Any CPU
		{425634D4-7100-963D-E378-6E8462CE3AC5}.Debug|Any CPU.Build.0 = Debug|Any CPU
		{425634D4-7100-963D-E378-6E8462CE3AC5}.Release|Any CPU.ActiveCfg = Release|Any CPU
		{425634D4-7100-963D-E378-6E8462CE3AC5}.Release|Any CPU.Build.0 = Release|Any CPU
		{017CFD27-A2AC-BF3C-F39F-9EFD6EC1D724}.Debug|Any CPU.ActiveCfg = Debug|Any CPU
		{017CFD27-A2AC-BF3C-F39F-9EFD6EC1D724}.Debug|Any CPU.Build.0 = Debug|Any CPU
		{017CFD27-A2AC-BF3C-F39F-9EFD6EC1D724}.Release|Any CPU.ActiveCfg = Release|Any CPU
		{017CFD27-A2AC-BF3C-F39F-9EFD6EC1D724}.Release|Any CPU.Build.0 = Release|Any CPU
		{2A739978-4524-281E-0858-14BFA37B6D11}.Debug|Any CPU.ActiveCfg = Debug|Any CPU
		{2A739978-4524-281E-0858-14BFA37B6D11}.Debug|Any CPU.Build.0 = Debug|Any CPU
		{2A739978-4524-281E-0858-14BFA37B6D11}.Release|Any CPU.ActiveCfg = Release|Any CPU
		{2A739978-4524-281E-0858-14BFA37B6D11}.Release|Any CPU.Build.0 = Release|Any CPU
		{0056F63A-DC3A-E627-8735-488CC9AB0E02}.Debug|Any CPU.ActiveCfg = Debug|Any CPU
		{0056F63A-DC3A-E627-8735-488CC9AB0E02}.Debug|Any CPU.Build.0 = Debug|Any CPU
		{0056F63A-DC3A-E627-8735-488CC9AB0E02}.Release|Any CPU.ActiveCfg = Release|Any CPU
		{0056F63A-DC3A-E627-8735-488CC9AB0E02}.Release|Any CPU.Build.0 = Release|Any CPU
		{FA369DEB-1F64-7E10-D5F9-1C374EF10019}.Debug|Any CPU.ActiveCfg = Debug|Any CPU
		{FA369DEB-1F64-7E10-D5F9-1C374EF10019}.Debug|Any CPU.Build.0 = Debug|Any CPU
		{FA369DEB-1F64-7E10-D5F9-1C374EF10019}.Release|Any CPU.ActiveCfg = Release|Any CPU
		{FA369DEB-1F64-7E10-D5F9-1C374EF10019}.Release|Any CPU.Build.0 = Release|Any CPU
		{3167E340-9BA2-5116-551A-961387DDF71A}.Debug|Any CPU.ActiveCfg = Debug|Any CPU
		{3167E340-9BA2-5116-551A-961387DDF71A}.Debug|Any CPU.Build.0 = Debug|Any CPU
		{3167E340-9BA2-5116-551A-961387DDF71A}.Release|Any CPU.ActiveCfg = Release|Any CPU
		{3167E340-9BA2-5116-551A-961387DDF71A}.Release|Any CPU.Build.0 = Release|Any CPU
		{01355283-378D-DBA2-1C3C-DDF5BD3C98EB}.Debug|Any CPU.ActiveCfg = Debug|Any CPU
		{01355283-378D-DBA2-1C3C-DDF5BD3C98EB}.Debug|Any CPU.Build.0 = Debug|Any CPU
		{01355283-378D-DBA2-1C3C-DDF5BD3C98EB}.Release|Any CPU.ActiveCfg = Release|Any CPU
		{01355283-378D-DBA2-1C3C-DDF5BD3C98EB}.Release|Any CPU.Build.0 = Release|Any CPU
		{5275EE7B-0612-D059-9B46-2EE9BA3FB4F1}.Debug|Any CPU.ActiveCfg = Debug|Any CPU
		{5275EE7B-0612-D059-9B46-2EE9BA3FB4F1}.Debug|Any CPU.Build.0 = Debug|Any CPU
		{5275EE7B-0612-D059-9B46-2EE9BA3FB4F1}.Release|Any CPU.ActiveCfg = Release|Any CPU
		{5275EE7B-0612-D059-9B46-2EE9BA3FB4F1}.Release|Any CPU.Build.0 = Release|Any CPU
		{F35B5F8F-6E1A-02F0-9F9A-F42988917217}.Debug|Any CPU.ActiveCfg = Debug|Any CPU
		{F35B5F8F-6E1A-02F0-9F9A-F42988917217}.Debug|Any CPU.Build.0 = Debug|Any CPU
		{F35B5F8F-6E1A-02F0-9F9A-F42988917217}.Release|Any CPU.ActiveCfg = Release|Any CPU
		{F35B5F8F-6E1A-02F0-9F9A-F42988917217}.Release|Any CPU.Build.0 = Release|Any CPU
		{6375BACF-E77E-1F56-4E7B-19A7DFE8FA27}.Debug|Any CPU.ActiveCfg = Debug|Any CPU
		{6375BACF-E77E-1F56-4E7B-19A7DFE8FA27}.Debug|Any CPU.Build.0 = Debug|Any CPU
		{6375BACF-E77E-1F56-4E7B-19A7DFE8FA27}.Release|Any CPU.ActiveCfg = Release|Any CPU
		{6375BACF-E77E-1F56-4E7B-19A7DFE8FA27}.Release|Any CPU.Build.0 = Release|Any CPU
		{D8413F18-33B0-3B77-9E8E-CFA931F47A08}.Debug|Any CPU.ActiveCfg = Debug|Any CPU
		{D8413F18-33B0-3B77-9E8E-CFA931F47A08}.Debug|Any CPU.Build.0 = Debug|Any CPU
		{D8413F18-33B0-3B77-9E8E-CFA931F47A08}.Release|Any CPU.ActiveCfg = Release|Any CPU
		{D8413F18-33B0-3B77-9E8E-CFA931F47A08}.Release|Any CPU.Build.0 = Release|Any CPU
		{F126814A-A083-210D-3251-F1A92E87B0AA}.Debug|Any CPU.ActiveCfg = Debug|Any CPU
		{F126814A-A083-210D-3251-F1A92E87B0AA}.Debug|Any CPU.Build.0 = Debug|Any CPU
		{F126814A-A083-210D-3251-F1A92E87B0AA}.Release|Any CPU.ActiveCfg = Release|Any CPU
		{F126814A-A083-210D-3251-F1A92E87B0AA}.Release|Any CPU.Build.0 = Release|Any CPU
		{B86837EA-419F-0265-75C9-2C615D16546D}.Debug|Any CPU.ActiveCfg = Debug|Any CPU
		{B86837EA-419F-0265-75C9-2C615D16546D}.Debug|Any CPU.Build.0 = Debug|Any CPU
		{B86837EA-419F-0265-75C9-2C615D16546D}.Release|Any CPU.ActiveCfg = Release|Any CPU
		{B86837EA-419F-0265-75C9-2C615D16546D}.Release|Any CPU.Build.0 = Release|Any CPU
		{9C7C6EC8-592F-E562-C54B-5EE9ACB6730D}.Debug|Any CPU.ActiveCfg = Debug|Any CPU
		{9C7C6EC8-592F-E562-C54B-5EE9ACB6730D}.Debug|Any CPU.Build.0 = Debug|Any CPU
		{9C7C6EC8-592F-E562-C54B-5EE9ACB6730D}.Release|Any CPU.ActiveCfg = Release|Any CPU
		{9C7C6EC8-592F-E562-C54B-5EE9ACB6730D}.Release|Any CPU.Build.0 = Release|Any CPU
		{D98326FE-BBCD-163B-E585-220B37F01667}.Debug|Any CPU.ActiveCfg = Debug|Any CPU
		{D98326FE-BBCD-163B-E585-220B37F01667}.Debug|Any CPU.Build.0 = Debug|Any CPU
		{D98326FE-BBCD-163B-E585-220B37F01667}.Release|Any CPU.ActiveCfg = Release|Any CPU
		{D98326FE-BBCD-163B-E585-220B37F01667}.Release|Any CPU.Build.0 = Release|Any CPU
		{58D74BFE-6E9B-F0F1-A471-1E53D5E49974}.Debug|Any CPU.ActiveCfg = Debug|Any CPU
		{58D74BFE-6E9B-F0F1-A471-1E53D5E49974}.Debug|Any CPU.Build.0 = Debug|Any CPU
		{58D74BFE-6E9B-F0F1-A471-1E53D5E49974}.Release|Any CPU.ActiveCfg = Release|Any CPU
		{58D74BFE-6E9B-F0F1-A471-1E53D5E49974}.Release|Any CPU.Build.0 = Release|Any CPU
		{522CDDF1-980F-4C2C-882B-C32DD6999C1D}.Debug|Any CPU.ActiveCfg = Debug|Any CPU
		{522CDDF1-980F-4C2C-882B-C32DD6999C1D}.Debug|Any CPU.Build.0 = Debug|Any CPU
		{522CDDF1-980F-4C2C-882B-C32DD6999C1D}.Release|Any CPU.ActiveCfg = Release|Any CPU
		{522CDDF1-980F-4C2C-882B-C32DD6999C1D}.Release|Any CPU.Build.0 = Release|Any CPU
		{ADA09ABE-FEAB-E350-D2C7-595587BDF065}.Debug|Any CPU.ActiveCfg = Debug|Any CPU
		{ADA09ABE-FEAB-E350-D2C7-595587BDF065}.Debug|Any CPU.Build.0 = Debug|Any CPU
		{ADA09ABE-FEAB-E350-D2C7-595587BDF065}.Release|Any CPU.ActiveCfg = Release|Any CPU
		{ADA09ABE-FEAB-E350-D2C7-595587BDF065}.Release|Any CPU.Build.0 = Release|Any CPU
		{5B3A7359-ABA2-D177-35B4-79D21BA5AF7E}.Debug|Any CPU.ActiveCfg = Debug|Any CPU
		{5B3A7359-ABA2-D177-35B4-79D21BA5AF7E}.Debug|Any CPU.Build.0 = Debug|Any CPU
		{5B3A7359-ABA2-D177-35B4-79D21BA5AF7E}.Release|Any CPU.ActiveCfg = Release|Any CPU
		{5B3A7359-ABA2-D177-35B4-79D21BA5AF7E}.Release|Any CPU.Build.0 = Release|Any CPU
		{86ECF7D0-017D-B572-9257-4F36C19DA2AB}.Debug|Any CPU.ActiveCfg = Debug|Any CPU
		{86ECF7D0-017D-B572-9257-4F36C19DA2AB}.Debug|Any CPU.Build.0 = Debug|Any CPU
		{86ECF7D0-017D-B572-9257-4F36C19DA2AB}.Release|Any CPU.ActiveCfg = Release|Any CPU
		{86ECF7D0-017D-B572-9257-4F36C19DA2AB}.Release|Any CPU.Build.0 = Release|Any CPU
		{7448F32B-E325-9D37-F261-C65E5E45AFE9}.Debug|Any CPU.ActiveCfg = Debug|Any CPU
		{7448F32B-E325-9D37-F261-C65E5E45AFE9}.Debug|Any CPU.Build.0 = Debug|Any CPU
		{7448F32B-E325-9D37-F261-C65E5E45AFE9}.Release|Any CPU.ActiveCfg = Release|Any CPU
		{7448F32B-E325-9D37-F261-C65E5E45AFE9}.Release|Any CPU.Build.0 = Release|Any CPU
		{B2D6DD03-A8E6-F84A-71D9-3F9CEBB8732F}.Debug|Any CPU.ActiveCfg = Debug|Any CPU
		{B2D6DD03-A8E6-F84A-71D9-3F9CEBB8732F}.Debug|Any CPU.Build.0 = Debug|Any CPU
		{B2D6DD03-A8E6-F84A-71D9-3F9CEBB8732F}.Release|Any CPU.ActiveCfg = Release|Any CPU
		{B2D6DD03-A8E6-F84A-71D9-3F9CEBB8732F}.Release|Any CPU.Build.0 = Release|Any CPU
		{D241BF34-F874-830F-55F3-501C0F320FB4}.Debug|Any CPU.ActiveCfg = Debug|Any CPU
		{D241BF34-F874-830F-55F3-501C0F320FB4}.Debug|Any CPU.Build.0 = Debug|Any CPU
		{D241BF34-F874-830F-55F3-501C0F320FB4}.Release|Any CPU.ActiveCfg = Release|Any CPU
		{D241BF34-F874-830F-55F3-501C0F320FB4}.Release|Any CPU.Build.0 = Release|Any CPU
		{A67E7FAA-533F-6099-00A7-9E28D1C16130}.Debug|Any CPU.ActiveCfg = Debug|Any CPU
		{A67E7FAA-533F-6099-00A7-9E28D1C16130}.Debug|Any CPU.Build.0 = Debug|Any CPU
		{A67E7FAA-533F-6099-00A7-9E28D1C16130}.Release|Any CPU.ActiveCfg = Release|Any CPU
		{A67E7FAA-533F-6099-00A7-9E28D1C16130}.Release|Any CPU.Build.0 = Release|Any CPU
		{2A72DBB4-D812-6EF0-F552-1ABC677AB438}.Debug|Any CPU.ActiveCfg = Debug|Any CPU
		{2A72DBB4-D812-6EF0-F552-1ABC677AB438}.Debug|Any CPU.Build.0 = Debug|Any CPU
		{2A72DBB4-D812-6EF0-F552-1ABC677AB438}.Release|Any CPU.ActiveCfg = Release|Any CPU
		{2A72DBB4-D812-6EF0-F552-1ABC677AB438}.Release|Any CPU.Build.0 = Release|Any CPU
		{FA3C1C2F-BE5A-6810-BA43-9CB13EFC0009}.Debug|Any CPU.ActiveCfg = Debug|Any CPU
		{FA3C1C2F-BE5A-6810-BA43-9CB13EFC0009}.Debug|Any CPU.Build.0 = Debug|Any CPU
		{FA3C1C2F-BE5A-6810-BA43-9CB13EFC0009}.Release|Any CPU.ActiveCfg = Release|Any CPU
		{FA3C1C2F-BE5A-6810-BA43-9CB13EFC0009}.Release|Any CPU.Build.0 = Release|Any CPU
		{1E476239-B836-8302-65F6-5A2168EC563B}.Debug|Any CPU.ActiveCfg = Debug|Any CPU
		{1E476239-B836-8302-65F6-5A2168EC563B}.Debug|Any CPU.Build.0 = Debug|Any CPU
		{1E476239-B836-8302-65F6-5A2168EC563B}.Release|Any CPU.ActiveCfg = Release|Any CPU
		{1E476239-B836-8302-65F6-5A2168EC563B}.Release|Any CPU.Build.0 = Release|Any CPU
		{9FF02451-D3AA-D816-D58C-2BA5FB2A677F}.Debug|Any CPU.ActiveCfg = Debug|Any CPU
		{9FF02451-D3AA-D816-D58C-2BA5FB2A677F}.Debug|Any CPU.Build.0 = Debug|Any CPU
		{9FF02451-D3AA-D816-D58C-2BA5FB2A677F}.Release|Any CPU.ActiveCfg = Release|Any CPU
		{9FF02451-D3AA-D816-D58C-2BA5FB2A677F}.Release|Any CPU.Build.0 = Release|Any CPU
		{9BFA699F-8A9C-2C06-61DD-40361B043591}.Debug|Any CPU.ActiveCfg = Debug|Any CPU
		{9BFA699F-8A9C-2C06-61DD-40361B043591}.Debug|Any CPU.Build.0 = Debug|Any CPU
		{9BFA699F-8A9C-2C06-61DD-40361B043591}.Release|Any CPU.ActiveCfg = Release|Any CPU
		{9BFA699F-8A9C-2C06-61DD-40361B043591}.Release|Any CPU.Build.0 = Release|Any CPU
		{C2EFC361-B788-F917-6170-38320D019E65}.Debug|Any CPU.ActiveCfg = Debug|Any CPU
		{C2EFC361-B788-F917-6170-38320D019E65}.Debug|Any CPU.Build.0 = Debug|Any CPU
		{C2EFC361-B788-F917-6170-38320D019E65}.Release|Any CPU.ActiveCfg = Release|Any CPU
		{C2EFC361-B788-F917-6170-38320D019E65}.Release|Any CPU.Build.0 = Release|Any CPU
		{B5535C42-2334-DD50-1A46-945ECE9B62FE}.Debug|Any CPU.ActiveCfg = Debug|Any CPU
		{B5535C42-2334-DD50-1A46-945ECE9B62FE}.Debug|Any CPU.Build.0 = Debug|Any CPU
		{B5535C42-2334-DD50-1A46-945ECE9B62FE}.Release|Any CPU.ActiveCfg = Release|Any CPU
		{B5535C42-2334-DD50-1A46-945ECE9B62FE}.Release|Any CPU.Build.0 = Release|Any CPU
		{F168F858-6432-969E-74B7-D1C931BC884A}.Debug|Any CPU.ActiveCfg = Debug|Any CPU
		{F168F858-6432-969E-74B7-D1C931BC884A}.Debug|Any CPU.Build.0 = Debug|Any CPU
		{F168F858-6432-969E-74B7-D1C931BC884A}.Release|Any CPU.ActiveCfg = Release|Any CPU
		{F168F858-6432-969E-74B7-D1C931BC884A}.Release|Any CPU.Build.0 = Release|Any CPU
		{977C9192-95D0-3CCA-E5ED-690740E1940E}.Debug|Any CPU.ActiveCfg = Debug|Any CPU
		{977C9192-95D0-3CCA-E5ED-690740E1940E}.Debug|Any CPU.Build.0 = Debug|Any CPU
		{977C9192-95D0-3CCA-E5ED-690740E1940E}.Release|Any CPU.ActiveCfg = Release|Any CPU
		{977C9192-95D0-3CCA-E5ED-690740E1940E}.Release|Any CPU.Build.0 = Release|Any CPU
		{B2380A8A-6C2B-EFEB-60B6-A14D502B7740}.Debug|Any CPU.ActiveCfg = Debug|Any CPU
		{B2380A8A-6C2B-EFEB-60B6-A14D502B7740}.Debug|Any CPU.Build.0 = Debug|Any CPU
		{B2380A8A-6C2B-EFEB-60B6-A14D502B7740}.Release|Any CPU.ActiveCfg = Release|Any CPU
		{B2380A8A-6C2B-EFEB-60B6-A14D502B7740}.Release|Any CPU.Build.0 = Release|Any CPU
		{9423F76D-31C1-9E75-41DE-329C5C30A35F}.Debug|Any CPU.ActiveCfg = Debug|Any CPU
		{9423F76D-31C1-9E75-41DE-329C5C30A35F}.Debug|Any CPU.Build.0 = Debug|Any CPU
		{9423F76D-31C1-9E75-41DE-329C5C30A35F}.Release|Any CPU.ActiveCfg = Release|Any CPU
		{9423F76D-31C1-9E75-41DE-329C5C30A35F}.Release|Any CPU.Build.0 = Release|Any CPU
		{8B4CB398-DE22-C73E-A8F8-7F0DF0C706DF}.Debug|Any CPU.ActiveCfg = Debug|Any CPU
		{8B4CB398-DE22-C73E-A8F8-7F0DF0C706DF}.Debug|Any CPU.Build.0 = Debug|Any CPU
		{8B4CB398-DE22-C73E-A8F8-7F0DF0C706DF}.Release|Any CPU.ActiveCfg = Release|Any CPU
		{8B4CB398-DE22-C73E-A8F8-7F0DF0C706DF}.Release|Any CPU.Build.0 = Release|Any CPU
		{5703C86D-FA55-3EC0-E897-D8744AC19AE6}.Debug|Any CPU.ActiveCfg = Debug|Any CPU
		{5703C86D-FA55-3EC0-E897-D8744AC19AE6}.Debug|Any CPU.Build.0 = Debug|Any CPU
		{5703C86D-FA55-3EC0-E897-D8744AC19AE6}.Release|Any CPU.ActiveCfg = Release|Any CPU
		{5703C86D-FA55-3EC0-E897-D8744AC19AE6}.Release|Any CPU.Build.0 = Release|Any CPU
		{9348FF16-D849-BE08-9824-5BED2B34CE0C}.Debug|Any CPU.ActiveCfg = Debug|Any CPU
		{9348FF16-D849-BE08-9824-5BED2B34CE0C}.Debug|Any CPU.Build.0 = Debug|Any CPU
		{9348FF16-D849-BE08-9824-5BED2B34CE0C}.Release|Any CPU.ActiveCfg = Release|Any CPU
		{9348FF16-D849-BE08-9824-5BED2B34CE0C}.Release|Any CPU.Build.0 = Release|Any CPU
		{CA626347-A6F9-C742-CD9D-D4088D6E85A3}.Debug|Any CPU.ActiveCfg = Debug|Any CPU
		{CA626347-A6F9-C742-CD9D-D4088D6E85A3}.Debug|Any CPU.Build.0 = Debug|Any CPU
		{CA626347-A6F9-C742-CD9D-D4088D6E85A3}.Release|Any CPU.ActiveCfg = Release|Any CPU
		{CA626347-A6F9-C742-CD9D-D4088D6E85A3}.Release|Any CPU.Build.0 = Release|Any CPU
		{1AE711EB-A34C-7B8B-C0DC-6035B6F24AAA}.Debug|Any CPU.ActiveCfg = Debug|Any CPU
		{1AE711EB-A34C-7B8B-C0DC-6035B6F24AAA}.Debug|Any CPU.Build.0 = Debug|Any CPU
		{1AE711EB-A34C-7B8B-C0DC-6035B6F24AAA}.Release|Any CPU.ActiveCfg = Release|Any CPU
		{1AE711EB-A34C-7B8B-C0DC-6035B6F24AAA}.Release|Any CPU.Build.0 = Release|Any CPU
		{D31C1DCE-6B13-3768-D806-BA75B8E79D61}.Debug|Any CPU.ActiveCfg = Debug|Any CPU
		{D31C1DCE-6B13-3768-D806-BA75B8E79D61}.Debug|Any CPU.Build.0 = Debug|Any CPU
		{D31C1DCE-6B13-3768-D806-BA75B8E79D61}.Release|Any CPU.ActiveCfg = Release|Any CPU
		{D31C1DCE-6B13-3768-D806-BA75B8E79D61}.Release|Any CPU.Build.0 = Release|Any CPU
		{A1C66C09-CC11-CDC2-3420-B7B0B19C3822}.Debug|Any CPU.ActiveCfg = Debug|Any CPU
		{A1C66C09-CC11-CDC2-3420-B7B0B19C3822}.Debug|Any CPU.Build.0 = Debug|Any CPU
		{A1C66C09-CC11-CDC2-3420-B7B0B19C3822}.Release|Any CPU.ActiveCfg = Release|Any CPU
		{A1C66C09-CC11-CDC2-3420-B7B0B19C3822}.Release|Any CPU.Build.0 = Release|Any CPU
		{37094929-3064-007C-A32F-610BEB248C32}.Debug|Any CPU.ActiveCfg = Debug|Any CPU
		{37094929-3064-007C-A32F-610BEB248C32}.Debug|Any CPU.Build.0 = Debug|Any CPU
		{37094929-3064-007C-A32F-610BEB248C32}.Release|Any CPU.ActiveCfg = Release|Any CPU
		{37094929-3064-007C-A32F-610BEB248C32}.Release|Any CPU.Build.0 = Release|Any CPU
		{9B9CF2DA-8649-9378-F328-362F6223E1A9}.Debug|Any CPU.ActiveCfg = Debug|Any CPU
		{9B9CF2DA-8649-9378-F328-362F6223E1A9}.Debug|Any CPU.Build.0 = Debug|Any CPU
		{9B9CF2DA-8649-9378-F328-362F6223E1A9}.Release|Any CPU.ActiveCfg = Release|Any CPU
		{9B9CF2DA-8649-9378-F328-362F6223E1A9}.Release|Any CPU.Build.0 = Release|Any CPU
		{BE8084CA-0769-BD4D-1767-D863BA4AA2CE}.Debug|Any CPU.ActiveCfg = Debug|Any CPU
		{BE8084CA-0769-BD4D-1767-D863BA4AA2CE}.Debug|Any CPU.Build.0 = Debug|Any CPU
		{BE8084CA-0769-BD4D-1767-D863BA4AA2CE}.Release|Any CPU.ActiveCfg = Release|Any CPU
		{BE8084CA-0769-BD4D-1767-D863BA4AA2CE}.Release|Any CPU.Build.0 = Release|Any CPU
		{FD933B2F-3F3D-8601-6F09-8DBFB1AD7C7C}.Debug|Any CPU.ActiveCfg = Debug|Any CPU
		{FD933B2F-3F3D-8601-6F09-8DBFB1AD7C7C}.Debug|Any CPU.Build.0 = Debug|Any CPU
		{FD933B2F-3F3D-8601-6F09-8DBFB1AD7C7C}.Release|Any CPU.ActiveCfg = Release|Any CPU
		{FD933B2F-3F3D-8601-6F09-8DBFB1AD7C7C}.Release|Any CPU.Build.0 = Release|Any CPU
		{ADEDF9E7-6C9D-A037-E48F-2A89B22BD769}.Debug|Any CPU.ActiveCfg = Debug|Any CPU
		{ADEDF9E7-6C9D-A037-E48F-2A89B22BD769}.Debug|Any CPU.Build.0 = Debug|Any CPU
		{ADEDF9E7-6C9D-A037-E48F-2A89B22BD769}.Release|Any CPU.ActiveCfg = Release|Any CPU
		{ADEDF9E7-6C9D-A037-E48F-2A89B22BD769}.Release|Any CPU.Build.0 = Release|Any CPU
	EndGlobalSection
	GlobalSection(SolutionProperties) = preSolution
		HideSolutionNode = FALSE
	EndGlobalSection
EndGlobal
